// !$*UTF8*$!
{
	archiveVersion = 1;
	classes = {
	};
	objectVersion = 56;
	objects = {

/* Begin PBXBuildFile section */
		6C7C26AA298AC21E003B33CB /* StarWarsApp.swift in Sources */ = {isa = PBXBuildFile; fileRef = 6C7C26A9298AC21E003B33CB /* StarWarsApp.swift */; };
		6C7C26AC298AC21E003B33CB /* ContentView.swift in Sources */ = {isa = PBXBuildFile; fileRef = 6C7C26AB298AC21E003B33CB /* ContentView.swift */; };
		6C7C26AE298AC21F003B33CB /* Assets.xcassets in Resources */ = {isa = PBXBuildFile; fileRef = 6C7C26AD298AC21F003B33CB /* Assets.xcassets */; };
		6C7C26B1298AC21F003B33CB /* Preview Assets.xcassets in Resources */ = {isa = PBXBuildFile; fileRef = 6C7C26B0298AC21F003B33CB /* Preview Assets.xcassets */; };
		6C7C26BB298AC21F003B33CB /* StarWarsTests.swift in Sources */ = {isa = PBXBuildFile; fileRef = 6C7C26BA298AC21F003B33CB /* StarWarsTests.swift */; };
		6C7C26C5298AC21F003B33CB /* StarWarsUITests.swift in Sources */ = {isa = PBXBuildFile; fileRef = 6C7C26C4298AC21F003B33CB /* StarWarsUITests.swift */; };
		6C7C26C7298AC21F003B33CB /* StarWarsUITestsLaunchTests.swift in Sources */ = {isa = PBXBuildFile; fileRef = 6C7C26C6298AC21F003B33CB /* StarWarsUITestsLaunchTests.swift */; };
		6C7C26D4298ADAD3003B33CB /* SearchClient.swift in Sources */ = {isa = PBXBuildFile; fileRef = 6C7C26D3298ADAD3003B33CB /* SearchClient.swift */; };
		6C7C26D6298AE112003B33CB /* ViewModel.swift in Sources */ = {isa = PBXBuildFile; fileRef = 6C7C26D5298AE112003B33CB /* ViewModel.swift */; };
		6C7C26D8298AEE53003B33CB /* ListView.swift in Sources */ = {isa = PBXBuildFile; fileRef = 6C7C26D7298AEE53003B33CB /* ListView.swift */; };
		6C7C26DA298AEE6E003B33CB /* ResourceView.swift in Sources */ = {isa = PBXBuildFile; fileRef = 6C7C26D9298AEE6E003B33CB /* ResourceView.swift */; };
		6C7C26DC298AF731003B33CB /* PeopleClient.swift in Sources */ = {isa = PBXBuildFile; fileRef = 6C7C26DB298AF731003B33CB /* PeopleClient.swift */; };
		6C7C26E1298AF968003B33CB /* String+Extensions.swift in Sources */ = {isa = PBXBuildFile; fileRef = 6C7C26E0298AF968003B33CB /* String+Extensions.swift */; };
		6C7C26E3298AF9B7003B33CB /* Constants.swift in Sources */ = {isa = PBXBuildFile; fileRef = 6C7C26E2298AF9B7003B33CB /* Constants.swift */; };
		6C7C26E5298AFD66003B33CB /* Resources.swift in Sources */ = {isa = PBXBuildFile; fileRef = 6C7C26E4298AFD66003B33CB /* Resources.swift */; };
		6C7C26E7298B038A003B33CB /* Color+Extensions.swift in Sources */ = {isa = PBXBuildFile; fileRef = 6C7C26E6298B038A003B33CB /* Color+Extensions.swift */; };
		6C7C26E9298B0757003B33CB /* ViewModel.Item.swift in Sources */ = {isa = PBXBuildFile; fileRef = 6C7C26E8298B0757003B33CB /* ViewModel.Item.swift */; };
/* End PBXBuildFile section */

/* Begin PBXContainerItemProxy section */
		6C7C26B7298AC21F003B33CB /* PBXContainerItemProxy */ = {
			isa = PBXContainerItemProxy;
			containerPortal = 6C7C269E298AC21E003B33CB /* Project object */;
			proxyType = 1;
			remoteGlobalIDString = 6C7C26A5298AC21E003B33CB;
			remoteInfo = StarWars;
		};
		6C7C26C1298AC21F003B33CB /* PBXContainerItemProxy */ = {
			isa = PBXContainerItemProxy;
			containerPortal = 6C7C269E298AC21E003B33CB /* Project object */;
			proxyType = 1;
			remoteGlobalIDString = 6C7C26A5298AC21E003B33CB;
			remoteInfo = StarWars;
		};
/* End PBXContainerItemProxy section */

/* Begin PBXFileReference section */
		6C7C26A6298AC21E003B33CB /* StarWars.app */ = {isa = PBXFileReference; explicitFileType = wrapper.application; includeInIndex = 0; path = StarWars.app; sourceTree = BUILT_PRODUCTS_DIR; };
		6C7C26A9298AC21E003B33CB /* StarWarsApp.swift */ = {isa = PBXFileReference; lastKnownFileType = sourcecode.swift; path = StarWarsApp.swift; sourceTree = "<group>"; };
		6C7C26AB298AC21E003B33CB /* ContentView.swift */ = {isa = PBXFileReference; lastKnownFileType = sourcecode.swift; path = ContentView.swift; sourceTree = "<group>"; };
		6C7C26AD298AC21F003B33CB /* Assets.xcassets */ = {isa = PBXFileReference; lastKnownFileType = folder.assetcatalog; path = Assets.xcassets; sourceTree = "<group>"; };
		6C7C26B0298AC21F003B33CB /* Preview Assets.xcassets */ = {isa = PBXFileReference; lastKnownFileType = folder.assetcatalog; path = "Preview Assets.xcassets"; sourceTree = "<group>"; };
		6C7C26B6298AC21F003B33CB /* StarWarsTests.xctest */ = {isa = PBXFileReference; explicitFileType = wrapper.cfbundle; includeInIndex = 0; path = StarWarsTests.xctest; sourceTree = BUILT_PRODUCTS_DIR; };
		6C7C26BA298AC21F003B33CB /* StarWarsTests.swift */ = {isa = PBXFileReference; lastKnownFileType = sourcecode.swift; path = StarWarsTests.swift; sourceTree = "<group>"; };
		6C7C26C0298AC21F003B33CB /* StarWarsUITests.xctest */ = {isa = PBXFileReference; explicitFileType = wrapper.cfbundle; includeInIndex = 0; path = StarWarsUITests.xctest; sourceTree = BUILT_PRODUCTS_DIR; };
		6C7C26C4298AC21F003B33CB /* StarWarsUITests.swift */ = {isa = PBXFileReference; lastKnownFileType = sourcecode.swift; path = StarWarsUITests.swift; sourceTree = "<group>"; };
		6C7C26C6298AC21F003B33CB /* StarWarsUITestsLaunchTests.swift */ = {isa = PBXFileReference; lastKnownFileType = sourcecode.swift; path = StarWarsUITestsLaunchTests.swift; sourceTree = "<group>"; };
		6C7C26D3298ADAD3003B33CB /* SearchClient.swift */ = {isa = PBXFileReference; lastKnownFileType = sourcecode.swift; path = SearchClient.swift; sourceTree = "<group>"; };
		6C7C26D5298AE112003B33CB /* ViewModel.swift */ = {isa = PBXFileReference; lastKnownFileType = sourcecode.swift; path = ViewModel.swift; sourceTree = "<group>"; };
		6C7C26D7298AEE53003B33CB /* ListView.swift */ = {isa = PBXFileReference; lastKnownFileType = sourcecode.swift; path = ListView.swift; sourceTree = "<group>"; };
		6C7C26D9298AEE6E003B33CB /* ResourceView.swift */ = {isa = PBXFileReference; lastKnownFileType = sourcecode.swift; path = ResourceView.swift; sourceTree = "<group>"; };
		6C7C26DB298AF731003B33CB /* PeopleClient.swift */ = {isa = PBXFileReference; lastKnownFileType = sourcecode.swift; path = PeopleClient.swift; sourceTree = "<group>"; };
		6C7C26E0298AF968003B33CB /* String+Extensions.swift */ = {isa = PBXFileReference; lastKnownFileType = sourcecode.swift; path = "String+Extensions.swift"; sourceTree = "<group>"; };
		6C7C26E2298AF9B7003B33CB /* Constants.swift */ = {isa = PBXFileReference; lastKnownFileType = sourcecode.swift; path = Constants.swift; sourceTree = "<group>"; };
		6C7C26E4298AFD66003B33CB /* Resources.swift */ = {isa = PBXFileReference; lastKnownFileType = sourcecode.swift; path = Resources.swift; sourceTree = "<group>"; };
		6C7C26E6298B038A003B33CB /* Color+Extensions.swift */ = {isa = PBXFileReference; lastKnownFileType = sourcecode.swift; path = "Color+Extensions.swift"; sourceTree = "<group>"; };
		6C7C26E8298B0757003B33CB /* ViewModel.Item.swift */ = {isa = PBXFileReference; lastKnownFileType = sourcecode.swift; path = ViewModel.Item.swift; sourceTree = "<group>"; };
/* End PBXFileReference section */

/* Begin PBXFrameworksBuildPhase section */
		6C7C26A3298AC21E003B33CB /* Frameworks */ = {
			isa = PBXFrameworksBuildPhase;
			buildActionMask = 2147483647;
			files = (
			);
			runOnlyForDeploymentPostprocessing = 0;
		};
		6C7C26B3298AC21F003B33CB /* Frameworks */ = {
			isa = PBXFrameworksBuildPhase;
			buildActionMask = 2147483647;
			files = (
			);
			runOnlyForDeploymentPostprocessing = 0;
		};
		6C7C26BD298AC21F003B33CB /* Frameworks */ = {
			isa = PBXFrameworksBuildPhase;
			buildActionMask = 2147483647;
			files = (
			);
			runOnlyForDeploymentPostprocessing = 0;
		};
/* End PBXFrameworksBuildPhase section */

/* Begin PBXGroup section */
		6C7C269D298AC21E003B33CB = {
			isa = PBXGroup;
			children = (
				6C7C26A8298AC21E003B33CB /* StarWars */,
				6C7C26B9298AC21F003B33CB /* StarWarsTests */,
				6C7C26C3298AC21F003B33CB /* StarWarsUITests */,
				6C7C26A7298AC21E003B33CB /* Products */,
			);
			sourceTree = "<group>";
		};
		6C7C26A7298AC21E003B33CB /* Products */ = {
			isa = PBXGroup;
			children = (
				6C7C26A6298AC21E003B33CB /* StarWars.app */,
				6C7C26B6298AC21F003B33CB /* StarWarsTests.xctest */,
				6C7C26C0298AC21F003B33CB /* StarWarsUITests.xctest */,
			);
			name = Products;
			sourceTree = "<group>";
		};
		6C7C26A8298AC21E003B33CB /* StarWars */ = {
			isa = PBXGroup;
			children = (
				6C7C26A9298AC21E003B33CB /* StarWarsApp.swift */,
				6C7C26E2298AF9B7003B33CB /* Constants.swift */,
				6C7C26D5298AE112003B33CB /* ViewModel.swift */,
				6C7C26E8298B0757003B33CB /* ViewModel.Item.swift */,
				6C7C26DE298AF932003B33CB /* API */,
				6C7C26DD298AF916003B33CB /* Views */,
				6C7C26DF298AF951003B33CB /* Extensions */,
				6C7C26AD298AC21F003B33CB /* Assets.xcassets */,
				6C7C26AF298AC21F003B33CB /* Preview Content */,
			);
			path = StarWars;
			sourceTree = "<group>";
		};
		6C7C26AF298AC21F003B33CB /* Preview Content */ = {
			isa = PBXGroup;
			children = (
				6C7C26B0298AC21F003B33CB /* Preview Assets.xcassets */,
			);
			path = "Preview Content";
			sourceTree = "<group>";
		};
		6C7C26B9298AC21F003B33CB /* StarWarsTests */ = {
			isa = PBXGroup;
			children = (
				6C7C26BA298AC21F003B33CB /* StarWarsTests.swift */,
			);
			path = StarWarsTests;
			sourceTree = "<group>";
		};
		6C7C26C3298AC21F003B33CB /* StarWarsUITests */ = {
			isa = PBXGroup;
			children = (
				6C7C26C4298AC21F003B33CB /* StarWarsUITests.swift */,
				6C7C26C6298AC21F003B33CB /* StarWarsUITestsLaunchTests.swift */,
			);
			path = StarWarsUITests;
			sourceTree = "<group>";
		};
		6C7C26DD298AF916003B33CB /* Views */ = {
			isa = PBXGroup;
			children = (
				6C7C26AB298AC21E003B33CB /* ContentView.swift */,
				6C7C26D7298AEE53003B33CB /* ListView.swift */,
				6C7C26D9298AEE6E003B33CB /* ResourceView.swift */,
			);
			path = Views;
			sourceTree = "<group>";
		};
		6C7C26DE298AF932003B33CB /* API */ = {
			isa = PBXGroup;
			children = (
				6C7C26D3298ADAD3003B33CB /* SearchClient.swift */,
				6C7C26DB298AF731003B33CB /* PeopleClient.swift */,
				6C7C26E4298AFD66003B33CB /* Resources.swift */,
			);
			path = API;
			sourceTree = "<group>";
		};
		6C7C26DF298AF951003B33CB /* Extensions */ = {
			isa = PBXGroup;
			children = (
				6C7C26E0298AF968003B33CB /* String+Extensions.swift */,
				6C7C26E6298B038A003B33CB /* Color+Extensions.swift */,
			);
			path = Extensions;
			sourceTree = "<group>";
		};
/* End PBXGroup section */

/* Begin PBXNativeTarget section */
		6C7C26A5298AC21E003B33CB /* StarWars */ = {
			isa = PBXNativeTarget;
			buildConfigurationList = 6C7C26CA298AC21F003B33CB /* Build configuration list for PBXNativeTarget "StarWars" */;
			buildPhases = (
				6C7C26A2298AC21E003B33CB /* Sources */,
				6C7C26A3298AC21E003B33CB /* Frameworks */,
				6C7C26A4298AC21E003B33CB /* Resources */,
			);
			buildRules = (
			);
			dependencies = (
			);
			name = StarWars;
			productName = StarWars;
			productReference = 6C7C26A6298AC21E003B33CB /* StarWars.app */;
			productType = "com.apple.product-type.application";
		};
		6C7C26B5298AC21F003B33CB /* StarWarsTests */ = {
			isa = PBXNativeTarget;
			buildConfigurationList = 6C7C26CD298AC21F003B33CB /* Build configuration list for PBXNativeTarget "StarWarsTests" */;
			buildPhases = (
				6C7C26B2298AC21F003B33CB /* Sources */,
				6C7C26B3298AC21F003B33CB /* Frameworks */,
				6C7C26B4298AC21F003B33CB /* Resources */,
			);
			buildRules = (
			);
			dependencies = (
				6C7C26B8298AC21F003B33CB /* PBXTargetDependency */,
			);
			name = StarWarsTests;
			productName = StarWarsTests;
			productReference = 6C7C26B6298AC21F003B33CB /* StarWarsTests.xctest */;
			productType = "com.apple.product-type.bundle.unit-test";
		};
		6C7C26BF298AC21F003B33CB /* StarWarsUITests */ = {
			isa = PBXNativeTarget;
			buildConfigurationList = 6C7C26D0298AC21F003B33CB /* Build configuration list for PBXNativeTarget "StarWarsUITests" */;
			buildPhases = (
				6C7C26BC298AC21F003B33CB /* Sources */,
				6C7C26BD298AC21F003B33CB /* Frameworks */,
				6C7C26BE298AC21F003B33CB /* Resources */,
			);
			buildRules = (
			);
			dependencies = (
				6C7C26C2298AC21F003B33CB /* PBXTargetDependency */,
			);
			name = StarWarsUITests;
			productName = StarWarsUITests;
			productReference = 6C7C26C0298AC21F003B33CB /* StarWarsUITests.xctest */;
			productType = "com.apple.product-type.bundle.ui-testing";
		};
/* End PBXNativeTarget section */

/* Begin PBXProject section */
		6C7C269E298AC21E003B33CB /* Project object */ = {
			isa = PBXProject;
			attributes = {
				BuildIndependentTargetsInParallel = 1;
				LastSwiftUpdateCheck = 1410;
				LastUpgradeCheck = 1410;
				TargetAttributes = {
					6C7C26A5298AC21E003B33CB = {
						CreatedOnToolsVersion = 14.1;
					};
					6C7C26B5298AC21F003B33CB = {
						CreatedOnToolsVersion = 14.1;
						TestTargetID = 6C7C26A5298AC21E003B33CB;
					};
					6C7C26BF298AC21F003B33CB = {
						CreatedOnToolsVersion = 14.1;
						TestTargetID = 6C7C26A5298AC21E003B33CB;
					};
				};
			};
			buildConfigurationList = 6C7C26A1298AC21E003B33CB /* Build configuration list for PBXProject "StarWars" */;
			compatibilityVersion = "Xcode 14.0";
			developmentRegion = en;
			hasScannedForEncodings = 0;
			knownRegions = (
				en,
				Base,
			);
			mainGroup = 6C7C269D298AC21E003B33CB;
			productRefGroup = 6C7C26A7298AC21E003B33CB /* Products */;
			projectDirPath = "";
			projectRoot = "";
			targets = (
				6C7C26A5298AC21E003B33CB /* StarWars */,
				6C7C26B5298AC21F003B33CB /* StarWarsTests */,
				6C7C26BF298AC21F003B33CB /* StarWarsUITests */,
			);
		};
/* End PBXProject section */

/* Begin PBXResourcesBuildPhase section */
		6C7C26A4298AC21E003B33CB /* Resources */ = {
			isa = PBXResourcesBuildPhase;
			buildActionMask = 2147483647;
			files = (
				6C7C26B1298AC21F003B33CB /* Preview Assets.xcassets in Resources */,
				6C7C26AE298AC21F003B33CB /* Assets.xcassets in Resources */,
			);
			runOnlyForDeploymentPostprocessing = 0;
		};
		6C7C26B4298AC21F003B33CB /* Resources */ = {
			isa = PBXResourcesBuildPhase;
			buildActionMask = 2147483647;
			files = (
			);
			runOnlyForDeploymentPostprocessing = 0;
		};
		6C7C26BE298AC21F003B33CB /* Resources */ = {
			isa = PBXResourcesBuildPhase;
			buildActionMask = 2147483647;
			files = (
			);
			runOnlyForDeploymentPostprocessing = 0;
		};
/* End PBXResourcesBuildPhase section */

/* Begin PBXSourcesBuildPhase section */
		6C7C26A2298AC21E003B33CB /* Sources */ = {
			isa = PBXSourcesBuildPhase;
			buildActionMask = 2147483647;
			files = (
				6C7C26E9298B0757003B33CB /* ViewModel.Item.swift in Sources */,
				6C7C26AC298AC21E003B33CB /* ContentView.swift in Sources */,
				6C7C26DA298AEE6E003B33CB /* ResourceView.swift in Sources */,
				6C7C26AA298AC21E003B33CB /* StarWarsApp.swift in Sources */,
				6C7C26E5298AFD66003B33CB /* Resources.swift in Sources */,
				6C7C26DC298AF731003B33CB /* PeopleClient.swift in Sources */,
				6C7C26E1298AF968003B33CB /* String+Extensions.swift in Sources */,
				6C7C26D8298AEE53003B33CB /* ListView.swift in Sources */,
				6C7C26D6298AE112003B33CB /* ViewModel.swift in Sources */,
				6C7C26D4298ADAD3003B33CB /* SearchClient.swift in Sources */,
				6C7C26E7298B038A003B33CB /* Color+Extensions.swift in Sources */,
				6C7C26E3298AF9B7003B33CB /* Constants.swift in Sources */,
			);
			runOnlyForDeploymentPostprocessing = 0;
		};
		6C7C26B2298AC21F003B33CB /* Sources */ = {
			isa = PBXSourcesBuildPhase;
			buildActionMask = 2147483647;
			files = (
				6C7C26BB298AC21F003B33CB /* StarWarsTests.swift in Sources */,
			);
			runOnlyForDeploymentPostprocessing = 0;
		};
		6C7C26BC298AC21F003B33CB /* Sources */ = {
			isa = PBXSourcesBuildPhase;
			buildActionMask = 2147483647;
			files = (
				6C7C26C7298AC21F003B33CB /* StarWarsUITestsLaunchTests.swift in Sources */,
				6C7C26C5298AC21F003B33CB /* StarWarsUITests.swift in Sources */,
			);
			runOnlyForDeploymentPostprocessing = 0;
		};
/* End PBXSourcesBuildPhase section */

/* Begin PBXTargetDependency section */
		6C7C26B8298AC21F003B33CB /* PBXTargetDependency */ = {
			isa = PBXTargetDependency;
			target = 6C7C26A5298AC21E003B33CB /* StarWars */;
			targetProxy = 6C7C26B7298AC21F003B33CB /* PBXContainerItemProxy */;
		};
		6C7C26C2298AC21F003B33CB /* PBXTargetDependency */ = {
			isa = PBXTargetDependency;
			target = 6C7C26A5298AC21E003B33CB /* StarWars */;
			targetProxy = 6C7C26C1298AC21F003B33CB /* PBXContainerItemProxy */;
		};
/* End PBXTargetDependency section */

/* Begin XCBuildConfiguration section */
		6C7C26C8298AC21F003B33CB /* Debug */ = {
			isa = XCBuildConfiguration;
			buildSettings = {
				ALWAYS_SEARCH_USER_PATHS = NO;
				CLANG_ANALYZER_NONNULL = YES;
				CLANG_ANALYZER_NUMBER_OBJECT_CONVERSION = YES_AGGRESSIVE;
				CLANG_CXX_LANGUAGE_STANDARD = "gnu++20";
				CLANG_ENABLE_MODULES = YES;
				CLANG_ENABLE_OBJC_ARC = YES;
				CLANG_ENABLE_OBJC_WEAK = YES;
				CLANG_WARN_BLOCK_CAPTURE_AUTORELEASING = YES;
				CLANG_WARN_BOOL_CONVERSION = YES;
				CLANG_WARN_COMMA = YES;
				CLANG_WARN_CONSTANT_CONVERSION = YES;
				CLANG_WARN_DEPRECATED_OBJC_IMPLEMENTATIONS = YES;
				CLANG_WARN_DIRECT_OBJC_ISA_USAGE = YES_ERROR;
				CLANG_WARN_DOCUMENTATION_COMMENTS = YES;
				CLANG_WARN_EMPTY_BODY = YES;
				CLANG_WARN_ENUM_CONVERSION = YES;
				CLANG_WARN_INFINITE_RECURSION = YES;
				CLANG_WARN_INT_CONVERSION = YES;
				CLANG_WARN_NON_LITERAL_NULL_CONVERSION = YES;
				CLANG_WARN_OBJC_IMPLICIT_RETAIN_SELF = YES;
				CLANG_WARN_OBJC_LITERAL_CONVERSION = YES;
				CLANG_WARN_OBJC_ROOT_CLASS = YES_ERROR;
				CLANG_WARN_QUOTED_INCLUDE_IN_FRAMEWORK_HEADER = YES;
				CLANG_WARN_RANGE_LOOP_ANALYSIS = YES;
				CLANG_WARN_STRICT_PROTOTYPES = YES;
				CLANG_WARN_SUSPICIOUS_MOVE = YES;
				CLANG_WARN_UNGUARDED_AVAILABILITY = YES_AGGRESSIVE;
				CLANG_WARN_UNREACHABLE_CODE = YES;
				CLANG_WARN__DUPLICATE_METHOD_MATCH = YES;
				COPY_PHASE_STRIP = NO;
				DEBUG_INFORMATION_FORMAT = dwarf;
				ENABLE_STRICT_OBJC_MSGSEND = YES;
				ENABLE_TESTABILITY = YES;
				GCC_C_LANGUAGE_STANDARD = gnu11;
				GCC_DYNAMIC_NO_PIC = NO;
				GCC_NO_COMMON_BLOCKS = YES;
				GCC_OPTIMIZATION_LEVEL = 0;
				GCC_PREPROCESSOR_DEFINITIONS = (
					"DEBUG=1",
					"$(inherited)",
				);
				GCC_WARN_64_TO_32_BIT_CONVERSION = YES;
				GCC_WARN_ABOUT_RETURN_TYPE = YES_ERROR;
				GCC_WARN_UNDECLARED_SELECTOR = YES;
				GCC_WARN_UNINITIALIZED_AUTOS = YES_AGGRESSIVE;
				GCC_WARN_UNUSED_FUNCTION = YES;
				GCC_WARN_UNUSED_VARIABLE = YES;
				IPHONEOS_DEPLOYMENT_TARGET = 16.1;
				MTL_ENABLE_DEBUG_INFO = INCLUDE_SOURCE;
				MTL_FAST_MATH = YES;
				ONLY_ACTIVE_ARCH = YES;
				SDKROOT = iphoneos;
				SWIFT_ACTIVE_COMPILATION_CONDITIONS = DEBUG;
				SWIFT_OPTIMIZATION_LEVEL = "-Onone";
			};
			name = Debug;
		};
		6C7C26C9298AC21F003B33CB /* Release */ = {
			isa = XCBuildConfiguration;
			buildSettings = {
				ALWAYS_SEARCH_USER_PATHS = NO;
				CLANG_ANALYZER_NONNULL = YES;
				CLANG_ANALYZER_NUMBER_OBJECT_CONVERSION = YES_AGGRESSIVE;
				CLANG_CXX_LANGUAGE_STANDARD = "gnu++20";
				CLANG_ENABLE_MODULES = YES;
				CLANG_ENABLE_OBJC_ARC = YES;
				CLANG_ENABLE_OBJC_WEAK = YES;
				CLANG_WARN_BLOCK_CAPTURE_AUTORELEASING = YES;
				CLANG_WARN_BOOL_CONVERSION = YES;
				CLANG_WARN_COMMA = YES;
				CLANG_WARN_CONSTANT_CONVERSION = YES;
				CLANG_WARN_DEPRECATED_OBJC_IMPLEMENTATIONS = YES;
				CLANG_WARN_DIRECT_OBJC_ISA_USAGE = YES_ERROR;
				CLANG_WARN_DOCUMENTATION_COMMENTS = YES;
				CLANG_WARN_EMPTY_BODY = YES;
				CLANG_WARN_ENUM_CONVERSION = YES;
				CLANG_WARN_INFINITE_RECURSION = YES;
				CLANG_WARN_INT_CONVERSION = YES;
				CLANG_WARN_NON_LITERAL_NULL_CONVERSION = YES;
				CLANG_WARN_OBJC_IMPLICIT_RETAIN_SELF = YES;
				CLANG_WARN_OBJC_LITERAL_CONVERSION = YES;
				CLANG_WARN_OBJC_ROOT_CLASS = YES_ERROR;
				CLANG_WARN_QUOTED_INCLUDE_IN_FRAMEWORK_HEADER = YES;
				CLANG_WARN_RANGE_LOOP_ANALYSIS = YES;
				CLANG_WARN_STRICT_PROTOTYPES = YES;
				CLANG_WARN_SUSPICIOUS_MOVE = YES;
				CLANG_WARN_UNGUARDED_AVAILABILITY = YES_AGGRESSIVE;
				CLANG_WARN_UNREACHABLE_CODE = YES;
				CLANG_WARN__DUPLICATE_METHOD_MATCH = YES;
				COPY_PHASE_STRIP = NO;
				DEBUG_INFORMATION_FORMAT = "dwarf-with-dsym";
				ENABLE_NS_ASSERTIONS = NO;
				ENABLE_STRICT_OBJC_MSGSEND = YES;
				GCC_C_LANGUAGE_STANDARD = gnu11;
				GCC_NO_COMMON_BLOCKS = YES;
				GCC_WARN_64_TO_32_BIT_CONVERSION = YES;
				GCC_WARN_ABOUT_RETURN_TYPE = YES_ERROR;
				GCC_WARN_UNDECLARED_SELECTOR = YES;
				GCC_WARN_UNINITIALIZED_AUTOS = YES_AGGRESSIVE;
				GCC_WARN_UNUSED_FUNCTION = YES;
				GCC_WARN_UNUSED_VARIABLE = YES;
				IPHONEOS_DEPLOYMENT_TARGET = 16.1;
				MTL_ENABLE_DEBUG_INFO = NO;
				MTL_FAST_MATH = YES;
				SDKROOT = iphoneos;
				SWIFT_COMPILATION_MODE = wholemodule;
				SWIFT_OPTIMIZATION_LEVEL = "-O";
				VALIDATE_PRODUCT = YES;
			};
			name = Release;
		};
		6C7C26CB298AC21F003B33CB /* Debug */ = {
			isa = XCBuildConfiguration;
			buildSettings = {
				ASSETCATALOG_COMPILER_APPICON_NAME = AppIcon;
				ASSETCATALOG_COMPILER_GLOBAL_ACCENT_COLOR_NAME = AccentColor;
				CODE_SIGN_STYLE = Automatic;
				CURRENT_PROJECT_VERSION = 1;
				DEVELOPMENT_ASSET_PATHS = "\"StarWars/Preview Content\"";
				DEVELOPMENT_TEAM = A6A4AZKGNE;
				ENABLE_PREVIEWS = YES;
				GENERATE_INFOPLIST_FILE = YES;
				INFOPLIST_KEY_UIApplicationSceneManifest_Generation = YES;
				INFOPLIST_KEY_UIApplicationSupportsIndirectInputEvents = YES;
				INFOPLIST_KEY_UILaunchScreen_Generation = YES;
				INFOPLIST_KEY_UISupportedInterfaceOrientations_iPad = "UIInterfaceOrientationPortrait UIInterfaceOrientationPortraitUpsideDown UIInterfaceOrientationLandscapeLeft UIInterfaceOrientationLandscapeRight";
				INFOPLIST_KEY_UISupportedInterfaceOrientations_iPhone = "UIInterfaceOrientationPortrait UIInterfaceOrientationLandscapeLeft UIInterfaceOrientationLandscapeRight";
				LD_RUNPATH_SEARCH_PATHS = (
					"$(inherited)",
					"@executable_path/Frameworks",
				);
				MARKETING_VERSION = 1.0;
				PRODUCT_BUNDLE_IDENTIFIER = gregfajen.StarWars;
				PRODUCT_NAME = "$(TARGET_NAME)";
				SWIFT_EMIT_LOC_STRINGS = YES;
				SWIFT_VERSION = 5.0;
				TARGETED_DEVICE_FAMILY = "1,2";
			};
			name = Debug;
		};
		6C7C26CC298AC21F003B33CB /* Release */ = {
			isa = XCBuildConfiguration;
			buildSettings = {
				ASSETCATALOG_COMPILER_APPICON_NAME = AppIcon;
				ASSETCATALOG_COMPILER_GLOBAL_ACCENT_COLOR_NAME = AccentColor;
				CODE_SIGN_STYLE = Automatic;
				CURRENT_PROJECT_VERSION = 1;
				DEVELOPMENT_ASSET_PATHS = "\"StarWars/Preview Content\"";
				DEVELOPMENT_TEAM = A6A4AZKGNE;
				ENABLE_PREVIEWS = YES;
				GENERATE_INFOPLIST_FILE = YES;
				INFOPLIST_KEY_UIApplicationSceneManifest_Generation = YES;
				INFOPLIST_KEY_UIApplicationSupportsIndirectInputEvents = YES;
				INFOPLIST_KEY_UILaunchScreen_Generation = YES;
				INFOPLIST_KEY_UISupportedInterfaceOrientations_iPad = "UIInterfaceOrientationPortrait UIInterfaceOrientationPortraitUpsideDown UIInterfaceOrientationLandscapeLeft UIInterfaceOrientationLandscapeRight";
				INFOPLIST_KEY_UISupportedInterfaceOrientations_iPhone = "UIInterfaceOrientationPortrait UIInterfaceOrientationLandscapeLeft UIInterfaceOrientationLandscapeRight";
				LD_RUNPATH_SEARCH_PATHS = (
					"$(inherited)",
					"@executable_path/Frameworks",
				);
				MARKETING_VERSION = 1.0;
				PRODUCT_BUNDLE_IDENTIFIER = gregfajen.StarWars;
				PRODUCT_NAME = "$(TARGET_NAME)";
				SWIFT_EMIT_LOC_STRINGS = YES;
				SWIFT_VERSION = 5.0;
				TARGETED_DEVICE_FAMILY = "1,2";
			};
			name = Release;
		};
		6C7C26CE298AC21F003B33CB /* Debug */ = {
			isa = XCBuildConfiguration;
			buildSettings = {
				ALWAYS_EMBED_SWIFT_STANDARD_LIBRARIES = YES;
				BUNDLE_LOADER = "$(TEST_HOST)";
				CODE_SIGN_STYLE = Automatic;
				CURRENT_PROJECT_VERSION = 1;
				DEVELOPMENT_TEAM = A6A4AZKGNE;
				GENERATE_INFOPLIST_FILE = YES;
				IPHONEOS_DEPLOYMENT_TARGET = 16.1;
				MARKETING_VERSION = 1.0;
				PRODUCT_BUNDLE_IDENTIFIER = gregfajen.StarWarsTests;
				PRODUCT_NAME = "$(TARGET_NAME)";
				SWIFT_EMIT_LOC_STRINGS = NO;
				SWIFT_VERSION = 5.0;
				TARGETED_DEVICE_FAMILY = "1,2";
				TEST_HOST = "$(BUILT_PRODUCTS_DIR)/StarWars.app/$(BUNDLE_EXECUTABLE_FOLDER_PATH)/StarWars";
			};
			name = Debug;
		};
		6C7C26CF298AC21F003B33CB /* Release */ = {
			isa = XCBuildConfiguration;
			buildSettings = {
				ALWAYS_EMBED_SWIFT_STANDARD_LIBRARIES = YES;
				BUNDLE_LOADER = "$(TEST_HOST)";
				CODE_SIGN_STYLE = Automatic;
				CURRENT_PROJECT_VERSION = 1;
				DEVELOPMENT_TEAM = A6A4AZKGNE;
				GENERATE_INFOPLIST_FILE = YES;
				IPHONEOS_DEPLOYMENT_TARGET = 16.1;
				MARKETING_VERSION = 1.0;
				PRODUCT_BUNDLE_IDENTIFIER = gregfajen.StarWarsTests;
				PRODUCT_NAME = "$(TARGET_NAME)";
				SWIFT_EMIT_LOC_STRINGS = NO;
				SWIFT_VERSION = 5.0;
				TARGETED_DEVICE_FAMILY = "1,2";
				TEST_HOST = "$(BUILT_PRODUCTS_DIR)/StarWars.app/$(BUNDLE_EXECUTABLE_FOLDER_PATH)/StarWars";
			};
			name = Release;
		};
		6C7C26D1298AC21F003B33CB /* Debug */ = {
			isa = XCBuildConfiguration;
			buildSettings = {
				ALWAYS_EMBED_SWIFT_STANDARD_LIBRARIES = YES;
				CODE_SIGN_STYLE = Automatic;
				CURRENT_PROJECT_VERSION = 1;
				DEVELOPMENT_TEAM = A6A4AZKGNE;
				GENERATE_INFOPLIST_FILE = YES;
				MARKETING_VERSION = 1.0;
				PRODUCT_BUNDLE_IDENTIFIER = gregfajen.StarWarsUITests;
				PRODUCT_NAME = "$(TARGET_NAME)";
				SWIFT_EMIT_LOC_STRINGS = NO;
				SWIFT_VERSION = 5.0;
				TARGETED_DEVICE_FAMILY = "1,2";
				TEST_TARGET_NAME = StarWars;
			};
			name = Debug;
		};
		6C7C26D2298AC21F003B33CB /* Release */ = {
			isa = XCBuildConfiguration;
			buildSettings = {
				ALWAYS_EMBED_SWIFT_STANDARD_LIBRARIES = YES;
				CODE_SIGN_STYLE = Automatic;
				CURRENT_PROJECT_VERSION = 1;
				DEVELOPMENT_TEAM = A6A4AZKGNE;
				GENERATE_INFOPLIST_FILE = YES;
				MARKETING_VERSION = 1.0;
				PRODUCT_BUNDLE_IDENTIFIER = gregfajen.StarWarsUITests;
				PRODUCT_NAME = "$(TARGET_NAME)";
				SWIFT_EMIT_LOC_STRINGS = NO;
				SWIFT_VERSION = 5.0;
				TARGETED_DEVICE_FAMILY = "1,2";
				TEST_TARGET_NAME = StarWars;
			};
			name = Release;
		};
/* End XCBuildConfiguration section */

/* Begin XCConfigurationList section */
		6C7C26A1298AC21E003B33CB /* Build configuration list for PBXProject "StarWars" */ = {
			isa = XCConfigurationList;
			buildConfigurations = (
				6C7C26C8298AC21F003B33CB /* Debug */,
				6C7C26C9298AC21F003B33CB /* Release */,
			);
			defaultConfigurationIsVisible = 0;
			defaultConfigurationName = Release;
		};
		6C7C26CA298AC21F003B33CB /* Build configuration list for PBXNativeTarget "StarWars" */ = {
			isa = XCConfigurationList;
			buildConfigurations = (
				6C7C26CB298AC21F003B33CB /* Debug */,
				6C7C26CC298AC21F003B33CB /* Release */,
			);
			defaultConfigurationIsVisible = 0;
			defaultConfigurationName = Release;
		};
		6C7C26CD298AC21F003B33CB /* Build configuration list for PBXNativeTarget "StarWarsTests" */ = {
			isa = XCConfigurationList;
			buildConfigurations = (
				6C7C26CE298AC21F003B33CB /* Debug */,
				6C7C26CF298AC21F003B33CB /* Release */,
			);
			defaultConfigurationIsVisible = 0;
			defaultConfigurationName = Release;
		};
		6C7C26D0298AC21F003B33CB /* Build configuration list for PBXNativeTarget "StarWarsUITests" */ = {
			isa = XCConfigurationList;
			buildConfigurations = (
				6C7C26D1298AC21F003B33CB /* Debug */,
				6C7C26D2298AC21F003B33CB /* Release */,
			);
			defaultConfigurationIsVisible = 0;
			defaultConfigurationName = Release;
		};
/* End XCConfigurationList section */
	};
	rootObject = 6C7C269E298AC21E003B33CB /* Project object */;
}
